
Microsoft Visual Studio Solution File, Format Version 12.00
# Visual Studio Version 16
VisualStudioVersion = 16.0.808.7
MinimumVisualStudioVersion = 10.0.40219.1
Project("{9A19103F-16F7-4668-BE54-9A1E7A4F7556}") = "GateWaysAPI", "GateWaysAPI\GateWaysAPI.csproj", "{577934A7-05F6-4DDA-BDE1-30DA63FFD0E6}"
EndProject
Project("{9A19103F-16F7-4668-BE54-9A1E7A4F7556}") = "Gateways.EntityFrameworkCore", "Gateways.EntityFrameworkCore\Gateways.EntityFrameworkCore.csproj", "{3BCCDB04-1B9D-467E-A016-9CDC5FA09233}"
EndProject
Project("{9A19103F-16F7-4668-BE54-9A1E7A4F7556}") = "GateWays.Service", "GateWays.Service\GateWays.Service.csproj", "{6F63350C-7813-47D7-BAB4-00429FD69ACF}"
EndProject
Project("{9A19103F-16F7-4668-BE54-9A1E7A4F7556}") = "GateWays.Common", "GateWays.Common\GateWays.Common.csproj", "{2555112A-E743-4AB0-B97E-764B50EC752A}"
EndProject
Project("{FAE04EC0-301F-11D3-BF4B-00C04F79EFBC}") = "GateWays.WebAPI.Tests", "GateWays.WebAPI.Tests\GateWays.WebAPI.Tests.csproj", "{5EA99ECF-5C2C-4FC3-B5B8-1EC0BF51E656}"
EndProject
Global
	GlobalSection(SolutionConfigurationPlatforms) = preSolution
		Debug|Any CPU = Debug|Any CPU
		Release|Any CPU = Release|Any CPU
	EndGlobalSection
	GlobalSection(ProjectConfigurationPlatforms) = postSolution
		{577934A7-05F6-4DDA-BDE1-30DA63FFD0E6}.Debug|Any CPU.ActiveCfg = Debug|Any CPU
		{577934A7-05F6-4DDA-BDE1-30DA63FFD0E6}.Debug|Any CPU.Build.0 = Debug|Any CPU
		{577934A7-05F6-4DDA-BDE1-30DA63FFD0E6}.Release|Any CPU.ActiveCfg = Release|Any CPU
		{577934A7-05F6-4DDA-BDE1-30DA63FFD0E6}.Release|Any CPU.Build.0 = Release|Any CPU
		{3BCCDB04-1B9D-467E-A016-9CDC5FA09233}.Debug|Any CPU.ActiveCfg = Debug|Any CPU
		{3BCCDB04-1B9D-467E-A016-9CDC5FA09233}.Debug|Any CPU.Build.0 = Debug|Any CPU
		{3BCCDB04-1B9D-467E-A016-9CDC5FA09233}.Release|Any CPU.ActiveCfg = Release|Any CPU
		{3BCCDB04-1B9D-467E-A016-9CDC5FA09233}.Release|Any CPU.Build.0 = Release|Any CPU
		{6F63350C-7813-47D7-BAB4-00429FD69ACF}.Debug|Any CPU.ActiveCfg = Debug|Any CPU
		{6F63350C-7813-47D7-BAB4-00429FD69ACF}.Debug|Any CPU.Build.0 = Debug|Any CPU
		{6F63350C-7813-47D7-BAB4-00429FD69ACF}.Release|Any CPU.ActiveCfg = Release|Any CPU
		{6F63350C-7813-47D7-BAB4-00429FD69ACF}.Release|Any CPU.Build.0 = Release|Any CPU
		{2555112A-E743-4AB0-B97E-764B50EC752A}.Debug|Any CPU.ActiveCfg = Debug|Any CPU
		{2555112A-E743-4AB0-B97E-764B50EC752A}.Debug|Any CPU.Build.0 = Debug|Any CPU
		{2555112A-E743-4AB0-B97E-764B50EC752A}.Release|Any CPU.ActiveCfg = Release|Any CPU
		{2555112A-E743-4AB0-B97E-764B50EC752A}.Release|Any CPU.Build.0 = Release|Any CPU
		{5EA99ECF-5C2C-4FC3-B5B8-1EC0BF51E656}.Debug|Any CPU.ActiveCfg = Debug|Any CPU
		{5EA99ECF-5C2C-4FC3-B5B8-1EC0BF51E656}.Debug|Any CPU.Build.0 = Debug|Any CPU
		{5EA99ECF-5C2C-4FC3-B5B8-1EC0BF51E656}.Release|Any CPU.ActiveCfg = Release|Any CPU
		{5EA99ECF-5C2C-4FC3-B5B8-1EC0BF51E656}.Release|Any CPU.Build.0 = Release|Any CPU
	EndGlobalSection
	GlobalSection(SolutionProperties) = preSolution
		HideSolutionNode = FALSE
	EndGlobalSection
	GlobalSection(ExtensibilityGlobals) = postSolution
		SolutionGuid = {E3CEA4D4-3E5C-459A-9661-9591218C8460}
	EndGlobalSection
EndGlobal
